
Microsoft Visual Studio Solution File, Format Version 12.00
# Visual Studio Version 17
VisualStudioVersion = 17.8.34525.116
MinimumVisualStudioVersion = 10.0.40219.1
Project("{9A19103F-16F7-4668-BE54-9A1E7A4F7556}") = "Exemples", "Exemples\Exemples.csproj", "{A07208A2-4C2E-4F02-AE42-5F8BCE96896E}"
EndProject
Project("{9A19103F-16F7-4668-BE54-9A1E7A4F7556}") = "Ex1", "Ex1\Ex1.csproj", "{AB72A60D-9FBF-4854-AE09-138A5EC90321}"
EndProject
Project("{9A19103F-16F7-4668-BE54-9A1E7A4F7556}") = "Ex2", "Ex2\Ex2.csproj", "{561990BB-25B9-4626-9A4B-2C0163E0A623}"
EndProject
Project("{9A19103F-16F7-4668-BE54-9A1E7A4F7556}") = "Ex3", "Ex3\Ex3.csproj", "{0EF43B6D-9A8C-4978-BD94-A0DE26A3CCF7}"
EndProject
Project("{9A19103F-16F7-4668-BE54-9A1E7A4F7556}") = "Ex6", "Ex6\Ex6.csproj", "{F23AB4D9-135A-4221-9DC1-55AD66B7CA1E}"
EndProject
Project("{9A19103F-16F7-4668-BE54-9A1E7A4F7556}") = "Ex7", "Ex7\Ex7.csproj", "{864C67F2-7D81-4411-894C-DFD89F98EF86}"
EndProject
Project("{9A19103F-16F7-4668-BE54-9A1E7A4F7556}") = "Ex4", "Ex4\Ex4.csproj", "{76CAEDDC-525A-4293-B319-9EC18B491C12}"
EndProject
Project("{9A19103F-16F7-4668-BE54-9A1E7A4F7556}") = "Ex8", "Ex8\Ex8.csproj", "{A2734D7B-952C-4F56-92D5-7EFA4C13B62F}"
EndProject
Project("{9A19103F-16F7-4668-BE54-9A1E7A4F7556}") = "ProgramaPersonal", "ProgramaPersonal\ProgramaPersonal.csproj", "{CC6CBCB7-9B9D-4560-BCE6-8A4E989BB4C4}"
EndProject
Project("{9A19103F-16F7-4668-BE54-9A1E7A4F7556}") = "Ex5", "Ex5\Ex5.csproj", "{9BBB3C00-E04C-4E78-9E53-C77E2F440CB4}"
EndProject
Project("{9A19103F-16F7-4668-BE54-9A1E7A4F7556}") = "Ex9", "Ex9\Ex9.csproj", "{992E40A4-7AFF-4C27-B05A-EDEA62794581}"
EndProject
Project("{9A19103F-16F7-4668-BE54-9A1E7A4F7556}") = "Ex10", "Ex10\Ex10.csproj", "{32992E3F-7253-4073-80CC-33D926959D2F}"
EndProject
Project("{9A19103F-16F7-4668-BE54-9A1E7A4F7556}") = "Ex12", "Ex12\Ex12.csproj", "{C09C42A5-E1C9-456E-BFF7-6D03A974CFF7}"
EndProject
Project("{9A19103F-16F7-4668-BE54-9A1E7A4F7556}") = "Ex13", "Ex13\Ex13.csproj", "{BCA7312F-11CE-4103-ADD7-E59A1165440D}"
EndProject
Project("{9A19103F-16F7-4668-BE54-9A1E7A4F7556}") = "Ex14", "Ex14\Ex14.csproj", "{7A5B3B2F-AEB7-415C-96C9-999CAC2949F3}"
EndProject
Project("{FAE04EC0-301F-11D3-BF4B-00C04F79EFBC}") = "Ex15", "Ex15\Ex15.csproj", "{74EC3797-8B01-4EAA-BE72-8992987D79D1}"
EndProject
Project("{FAE04EC0-301F-11D3-BF4B-00C04F79EFBC}") = "Ex16", "Ex16\Ex16.csproj", "{E713A9D2-1B1C-410F-BDF5-0A9A81E2278D}"
EndProject
Global
	GlobalSection(SolutionConfigurationPlatforms) = preSolution
		Debug|Any CPU = Debug|Any CPU
		Release|Any CPU = Release|Any CPU
	EndGlobalSection
	GlobalSection(ProjectConfigurationPlatforms) = postSolution
		{A07208A2-4C2E-4F02-AE42-5F8BCE96896E}.Debug|Any CPU.ActiveCfg = Debug|Any CPU
		{A07208A2-4C2E-4F02-AE42-5F8BCE96896E}.Debug|Any CPU.Build.0 = Debug|Any CPU
		{A07208A2-4C2E-4F02-AE42-5F8BCE96896E}.Release|Any CPU.ActiveCfg = Release|Any CPU
		{A07208A2-4C2E-4F02-AE42-5F8BCE96896E}.Release|Any CPU.Build.0 = Release|Any CPU
		{AB72A60D-9FBF-4854-AE09-138A5EC90321}.Debug|Any CPU.ActiveCfg = Debug|Any CPU
		{AB72A60D-9FBF-4854-AE09-138A5EC90321}.Debug|Any CPU.Build.0 = Debug|Any CPU
		{AB72A60D-9FBF-4854-AE09-138A5EC90321}.Release|Any CPU.ActiveCfg = Release|Any CPU
		{AB72A60D-9FBF-4854-AE09-138A5EC90321}.Release|Any CPU.Build.0 = Release|Any CPU
		{561990BB-25B9-4626-9A4B-2C0163E0A623}.Debug|Any CPU.ActiveCfg = Debug|Any CPU
		{561990BB-25B9-4626-9A4B-2C0163E0A623}.Debug|Any CPU.Build.0 = Debug|Any CPU
		{561990BB-25B9-4626-9A4B-2C0163E0A623}.Release|Any CPU.ActiveCfg = Release|Any CPU
		{561990BB-25B9-4626-9A4B-2C0163E0A623}.Release|Any CPU.Build.0 = Release|Any CPU
		{0EF43B6D-9A8C-4978-BD94-A0DE26A3CCF7}.Debug|Any CPU.ActiveCfg = Debug|Any CPU
		{0EF43B6D-9A8C-4978-BD94-A0DE26A3CCF7}.Debug|Any CPU.Build.0 = Debug|Any CPU
		{0EF43B6D-9A8C-4978-BD94-A0DE26A3CCF7}.Release|Any CPU.ActiveCfg = Release|Any CPU
		{0EF43B6D-9A8C-4978-BD94-A0DE26A3CCF7}.Release|Any CPU.Build.0 = Release|Any CPU
		{F23AB4D9-135A-4221-9DC1-55AD66B7CA1E}.Debug|Any CPU.ActiveCfg = Debug|Any CPU
		{F23AB4D9-135A-4221-9DC1-55AD66B7CA1E}.Debug|Any CPU.Build.0 = Debug|Any CPU
		{F23AB4D9-135A-4221-9DC1-55AD66B7CA1E}.Release|Any CPU.ActiveCfg = Release|Any CPU
		{F23AB4D9-135A-4221-9DC1-55AD66B7CA1E}.Release|Any CPU.Build.0 = Release|Any CPU
		{864C67F2-7D81-4411-894C-DFD89F98EF86}.Debug|Any CPU.ActiveCfg = Debug|Any CPU
		{864C67F2-7D81-4411-894C-DFD89F98EF86}.Debug|Any CPU.Build.0 = Debug|Any CPU
		{864C67F2-7D81-4411-894C-DFD89F98EF86}.Release|Any CPU.ActiveCfg = Release|Any CPU
		{864C67F2-7D81-4411-894C-DFD89F98EF86}.Release|Any CPU.Build.0 = Release|Any CPU
		{76CAEDDC-525A-4293-B319-9EC18B491C12}.Debug|Any CPU.ActiveCfg = Debug|Any CPU
		{76CAEDDC-525A-4293-B319-9EC18B491C12}.Debug|Any CPU.Build.0 = Debug|Any CPU
		{76CAEDDC-525A-4293-B319-9EC18B491C12}.Release|Any CPU.ActiveCfg = Release|Any CPU
		{76CAEDDC-525A-4293-B319-9EC18B491C12}.Release|Any CPU.Build.0 = Release|Any CPU
		{A2734D7B-952C-4F56-92D5-7EFA4C13B62F}.Debug|Any CPU.ActiveCfg = Debug|Any CPU
		{A2734D7B-952C-4F56-92D5-7EFA4C13B62F}.Debug|Any CPU.Build.0 = Debug|Any CPU
		{A2734D7B-952C-4F56-92D5-7EFA4C13B62F}.Release|Any CPU.ActiveCfg = Release|Any CPU
		{A2734D7B-952C-4F56-92D5-7EFA4C13B62F}.Release|Any CPU.Build.0 = Release|Any CPU
		{CC6CBCB7-9B9D-4560-BCE6-8A4E989BB4C4}.Debug|Any CPU.ActiveCfg = Debug|Any CPU
		{CC6CBCB7-9B9D-4560-BCE6-8A4E989BB4C4}.Debug|Any CPU.Build.0 = Debug|Any CPU
		{CC6CBCB7-9B9D-4560-BCE6-8A4E989BB4C4}.Release|Any CPU.ActiveCfg = Release|Any CPU
		{CC6CBCB7-9B9D-4560-BCE6-8A4E989BB4C4}.Release|Any CPU.Build.0 = Release|Any CPU
		{9BBB3C00-E04C-4E78-9E53-C77E2F440CB4}.Debug|Any CPU.ActiveCfg = Debug|Any CPU
		{9BBB3C00-E04C-4E78-9E53-C77E2F440CB4}.Debug|Any CPU.Build.0 = Debug|Any CPU
		{9BBB3C00-E04C-4E78-9E53-C77E2F440CB4}.Release|Any CPU.ActiveCfg = Release|Any CPU
		{9BBB3C00-E04C-4E78-9E53-C77E2F440CB4}.Release|Any CPU.Build.0 = Release|Any CPU
		{992E40A4-7AFF-4C27-B05A-EDEA62794581}.Debug|Any CPU.ActiveCfg = Debug|Any CPU
		{992E40A4-7AFF-4C27-B05A-EDEA62794581}.Debug|Any CPU.Build.0 = Debug|Any CPU
		{992E40A4-7AFF-4C27-B05A-EDEA62794581}.Release|Any CPU.ActiveCfg = Release|Any CPU
		{992E40A4-7AFF-4C27-B05A-EDEA62794581}.Release|Any CPU.Build.0 = Release|Any CPU
		{32992E3F-7253-4073-80CC-33D926959D2F}.Debug|Any CPU.ActiveCfg = Debug|Any CPU
		{32992E3F-7253-4073-80CC-33D926959D2F}.Debug|Any CPU.Build.0 = Debug|Any CPU
		{32992E3F-7253-4073-80CC-33D926959D2F}.Release|Any CPU.ActiveCfg = Release|Any CPU
		{32992E3F-7253-4073-80CC-33D926959D2F}.Release|Any CPU.Build.0 = Release|Any CPU
		{C09C42A5-E1C9-456E-BFF7-6D03A974CFF7}.Debug|Any CPU.ActiveCfg = Debug|Any CPU
		{C09C42A5-E1C9-456E-BFF7-6D03A974CFF7}.Debug|Any CPU.Build.0 = Debug|Any CPU
		{C09C42A5-E1C9-456E-BFF7-6D03A974CFF7}.Release|Any CPU.ActiveCfg = Release|Any CPU
		{C09C42A5-E1C9-456E-BFF7-6D03A974CFF7}.Release|Any CPU.Build.0 = Release|Any CPU
		{BCA7312F-11CE-4103-ADD7-E59A1165440D}.Debug|Any CPU.ActiveCfg = Debug|Any CPU
		{BCA7312F-11CE-4103-ADD7-E59A1165440D}.Debug|Any CPU.Build.0 = Debug|Any CPU
		{BCA7312F-11CE-4103-ADD7-E59A1165440D}.Release|Any CPU.ActiveCfg = Release|Any CPU
		{BCA7312F-11CE-4103-ADD7-E59A1165440D}.Release|Any CPU.Build.0 = Release|Any CPU
		{7A5B3B2F-AEB7-415C-96C9-999CAC2949F3}.Debug|Any CPU.ActiveCfg = Debug|Any CPU
		{7A5B3B2F-AEB7-415C-96C9-999CAC2949F3}.Debug|Any CPU.Build.0 = Debug|Any CPU
		{7A5B3B2F-AEB7-415C-96C9-999CAC2949F3}.Release|Any CPU.ActiveCfg = Release|Any CPU
		{7A5B3B2F-AEB7-415C-96C9-999CAC2949F3}.Release|Any CPU.Build.0 = Release|Any CPU
		{74EC3797-8B01-4EAA-BE72-8992987D79D1}.Debug|Any CPU.ActiveCfg = Debug|Any CPU
		{74EC3797-8B01-4EAA-BE72-8992987D79D1}.Debug|Any CPU.Build.0 = Debug|Any CPU
		{74EC3797-8B01-4EAA-BE72-8992987D79D1}.Release|Any CPU.ActiveCfg = Release|Any CPU
		{74EC3797-8B01-4EAA-BE72-8992987D79D1}.Release|Any CPU.Build.0 = Release|Any CPU
		{E713A9D2-1B1C-410F-BDF5-0A9A81E2278D}.Debug|Any CPU.ActiveCfg = Debug|Any CPU
		{E713A9D2-1B1C-410F-BDF5-0A9A81E2278D}.Debug|Any CPU.Build.0 = Debug|Any CPU
		{E713A9D2-1B1C-410F-BDF5-0A9A81E2278D}.Release|Any CPU.ActiveCfg = Release|Any CPU
		{E713A9D2-1B1C-410F-BDF5-0A9A81E2278D}.Release|Any CPU.Build.0 = Release|Any CPU
	EndGlobalSection
	GlobalSection(SolutionProperties) = preSolution
		HideSolutionNode = FALSE
	EndGlobalSection
	GlobalSection(ExtensibilityGlobals) = postSolution
		SolutionGuid = {E5A1D1BE-5A8A-4C86-AF8C-689419787906}
	EndGlobalSection
EndGlobal
